PODS:
  - CCBluetooth (0.5.7):
    - CCToolbox
  - CCGlucose (0.3.6):
    - CCBluetooth
    - CCToolbox
  - CCToolbox (0.7.1)
  - SMART (3.0.1)

DEPENDENCIES:
  - CCBluetooth (from `https://github.com/uhnmdi/CCBluetooth.git`)
  - CCGlucose (from `https://github.com/uhnmdi/CCGlucose.git`)
  - CCToolbox (from `https://github.com/uhnmdi/CCToolbox.git`)
  - SMART (from `https://github.com/uhnmdi/Swift-SMART.git`)

EXTERNAL SOURCES:
  CCBluetooth:
    :git: https://github.com/uhnmdi/CCBluetooth.git
  CCGlucose:
    :git: https://github.com/uhnmdi/CCGlucose.git
  CCToolbox:
    :git: https://github.com/uhnmdi/CCToolbox.git
  SMART:
    :git: https://github.com/uhnmdi/Swift-SMART.git
    :submodules: true

CHECKOUT OPTIONS:
  CCBluetooth:
    :commit: 053a891d91e275f14bbc66f1b46683adefac9137
    :git: https://github.com/uhnmdi/CCBluetooth.git
  CCGlucose:
    :commit: d9a459ab72138355249c3faeec0aeb4b33cd1f4d
    :git: https://github.com/uhnmdi/CCGlucose.git
  CCToolbox:
    :commit: 262f1b3a62c6ce244be6d953d1fadcc91a06ac7b
    :git: https://github.com/uhnmdi/CCToolbox.git
  SMART:
    :commit: dc344e3fa9f92629c875424c7e75ee3863cac5f8
    :git: https://github.com/uhnmdi/Swift-SMART.git
    :submodules: true

SPEC CHECKSUMS:
  CCBluetooth: e43fbcbbe2245109d6aa3bbb85f2575ac381b5b6
  CCGlucose: 37d5cafc12ef8c387dbba59705291df520934011
  CCToolbox: ae7c09ede5c63c1901c06011ebdfe6073378810f
  SMART: 8da085a963a230c9e1791745c0ac505db96518bc

PODFILE CHECKSUM: a7219c2b2cbfd052751c04f1e73b0c0a4acbffc5

COCOAPODS: 1.1.1
